<?xml version="1.0" encoding="utf-8"?>
<Project ToolsVersion="4.0" xmlns="http://schemas.microsoft.com/developer/msbuild/2003">
  <ItemGroup>
    <ClCompile Include="Asteroid.cpp" />
    <ClCompile Include="Block.cpp" />
    <ClCompile Include="BlockPlacer.cpp" />
    <ClCompile Include="Bullet.cpp" />
    <ClCompile Include="BulletShooter.cpp" />
    <ClCompile Include="Explosion.cpp" />
    <ClCompile Include="game.cpp" />
    <ClCompile Include="Gameover.cpp" />
    <ClCompile Include="GameStart.cpp" />
    <ClCompile Include="Planet.cpp" />
    <ClCompile Include="Points.cpp" />
    <ClCompile Include="Level.cpp" />
    <ClCompile Include="BigSmile.cpp" />
    <ClCompile Include="ChangeBlockButton.cpp" />
    <ClCompile Include="BuyManager.cpp" />
    <ClCompile Include="HeavyBlock.cpp" />
    <ClCompile Include="Bomb.cpp" />
    <ClCompile Include="ExplosionEvent.cpp" />
    <ClCompile Include="BigLad.cpp" />
    <ClCompile Include="AsteroidSpawner.cpp" />
  </ItemGroup>
  <ItemGroup>
    <ClInclude Include="Asteroid.h" />
    <ClInclude Include="Block.h" />
    <ClInclude Include="BlockPlacer.h" />
    <ClInclude Include="Bullet.h" />
    <ClInclude Include="BulletShooter.h" />
    <ClInclude Include="Explosion.h" />
    <ClInclude Include="Gameover.h" />
    <ClInclude Include="GameStart.h" />
    <ClInclude Include="Planet.h" />
    <ClInclude Include="Points.h" />
    <ClInclude Include="Level.h" />
    <ClInclude Include="BigSmile.h" />
    <ClInclude Include="ChangeBlockButton.h" />
    <ClInclude Include="BuyManager.h" />
    <ClInclude Include="HeavyBlock.h" />
    <ClInclude Include="Bomb.h" />
    <ClInclude Include="ExplosionEvent.h" />
    <ClInclude Include="BigLad.h" />
    <ClInclude Include="AsteroidSpawner.h" />
  </ItemGroup>
</Project>